# This file is automatically @generated by Cargo.
# It is not intended for manual editing.
version = 3

[[package]]
name = "input-leap-rs-client-cli"
version = "0.1.0"

[[package]]
name = "input-leap-rs-client-gui"
version = "0.1.0"

[[package]]
name = "input-leap-rs-core"
version = "0.1.0"
dependencies = [
 "input-leap-rs-platforms",
]

[[package]]
name = "input-leap-rs-platforms"
version = "0.1.0"

[[package]]
name = "input-leap-rs-primary"
version = "0.1.0"

[[package]]
name = "input-leap-rs-screen"
version = "0.1.0"
